
Microsoft Visual Studio Solution File, Format Version 12.00
Project("{FAE04EC0-301F-11D3-BF4B-00C04F79EFBC}") = "WssСonsultingBl", "WssСonsultingBl\WssСonsultingBl.csproj", "{AEC34559-B976-4686-B347-6D313194A630}"
EndProject
Global
	GlobalSection(SolutionConfigurationPlatforms) = preSolution
		Debug|Any CPU = Debug|Any CPU
		Release|Any CPU = Release|Any CPU
	EndGlobalSection
	GlobalSection(ProjectConfigurationPlatforms) = postSolution
		{AEC34559-B976-4686-B347-6D313194A630}.Debug|Any CPU.ActiveCfg = Debug|Any CPU
		{AEC34559-B976-4686-B347-6D313194A630}.Debug|Any CPU.Build.0 = Debug|Any CPU
		{AEC34559-B976-4686-B347-6D313194A630}.Release|Any CPU.ActiveCfg = Release|Any CPU
		{AEC34559-B976-4686-B347-6D313194A630}.Release|Any CPU.Build.0 = Release|Any CPU
	EndGlobalSection
EndGlobal
